
Microsoft Visual Studio Solution File, Format Version 12.00
# Visual Studio Version 17
VisualStudioVersion = 17.6.33829.357
MinimumVisualStudioVersion = 10.0.40219.1
Project("{FAE04EC0-301F-11D3-BF4B-00C04F79EFBC}") = "MedTitration", "MedTitration\MedTitration.csproj", "{EADE0F03-A994-4CE8-AD58-D5A0A69A6244}"
EndProject
Project("{FAE04EC0-301F-11D3-BF4B-00C04F79EFBC}") = "MedOrder", "MedOrder\MedOrder.csproj", "{C05E4420-2393-4BD3-9F99-EED97FA5FB02}"
EndProject
Global
	GlobalSection(SolutionConfigurationPlatforms) = preSolution
		Debug|Any CPU = Debug|Any CPU
		Release|Any CPU = Release|Any CPU
	EndGlobalSection
	GlobalSection(ProjectConfigurationPlatforms) = postSolution
		{EADE0F03-A994-4CE8-AD58-D5A0A69A6244}.Debug|Any CPU.ActiveCfg = Debug|Any CPU
		{EADE0F03-A994-4CE8-AD58-D5A0A69A6244}.Debug|Any CPU.Build.0 = Debug|Any CPU
		{EADE0F03-A994-4CE8-AD58-D5A0A69A6244}.Release|Any CPU.ActiveCfg = Release|Any CPU
		{EADE0F03-A994-4CE8-AD58-D5A0A69A6244}.Release|Any CPU.Build.0 = Release|Any CPU
		{C05E4420-2393-4BD3-9F99-EED97FA5FB02}.Debug|Any CPU.ActiveCfg = Debug|Any CPU
		{C05E4420-2393-4BD3-9F99-EED97FA5FB02}.Debug|Any CPU.Build.0 = Debug|Any CPU
		{C05E4420-2393-4BD3-9F99-EED97FA5FB02}.Release|Any CPU.ActiveCfg = Release|Any CPU
		{C05E4420-2393-4BD3-9F99-EED97FA5FB02}.Release|Any CPU.Build.0 = Release|Any CPU
	EndGlobalSection
	GlobalSection(SolutionProperties) = preSolution
		HideSolutionNode = FALSE
	EndGlobalSection
	GlobalSection(ExtensibilityGlobals) = postSolution
		SolutionGuid = {C657E19E-3AC6-46CE-898F-5631BB6D8CF3}
	EndGlobalSection
EndGlobal
